
Microsoft Visual Studio Solution File, Format Version 12.00
# Visual Studio Version 17
VisualStudioVersion = 17.14.36212.18 d17.14
MinimumVisualStudioVersion = 10.0.40219.1
Project("{FAE04EC0-301F-11D3-BF4B-00C04F79EFBC}") = "YaseensHelloWorldApp", "YaseensHelloWorldApp\YaseensHelloWorldApp.csproj", "{34481FEC-20D5-4C01-ACC8-A812988299FB}"
EndProject
Global
	GlobalSection(SolutionConfigurationPlatforms) = preSolution
		Debug|Any CPU = Debug|Any CPU
		Release|Any CPU = Release|Any CPU
	EndGlobalSection
	GlobalSection(ProjectConfigurationPlatforms) = postSolution
		{34481FEC-20D5-4C01-ACC8-A812988299FB}.Debug|Any CPU.ActiveCfg = Debug|Any CPU
		{34481FEC-20D5-4C01-ACC8-A812988299FB}.Debug|Any CPU.Build.0 = Debug|Any CPU
		{34481FEC-20D5-4C01-ACC8-A812988299FB}.Release|Any CPU.ActiveCfg = Release|Any CPU
		{34481FEC-20D5-4C01-ACC8-A812988299FB}.Release|Any CPU.Build.0 = Release|Any CPU
	EndGlobalSection
	GlobalSection(SolutionProperties) = preSolution
		HideSolutionNode = FALSE
	EndGlobalSection
	GlobalSection(ExtensibilityGlobals) = postSolution
		SolutionGuid = {42A94AA3-D83B-415C-8591-89C8C7AC7027}
	EndGlobalSection
EndGlobal
