
Microsoft Visual Studio Solution File, Format Version 12.00
# Visual Studio Version 17
VisualStudioVersion = 17.14.36212.18 d17.14
MinimumVisualStudioVersion = 10.0.40219.1
Project("{FAE04EC0-301F-11D3-BF4B-00C04F79EFBC}") = "MvcMovie", "MvcMovie\MvcMovie.csproj", "{AAAF01D6-AF88-4F79-B569-AEA7BD0F0C19}"
EndProject
Global
	GlobalSection(SolutionConfigurationPlatforms) = preSolution
		Debug|Any CPU = Debug|Any CPU
		Release|Any CPU = Release|Any CPU
	EndGlobalSection
	GlobalSection(ProjectConfigurationPlatforms) = postSolution
		{AAAF01D6-AF88-4F79-B569-AEA7BD0F0C19}.Debug|Any CPU.ActiveCfg = Debug|Any CPU
		{AAAF01D6-AF88-4F79-B569-AEA7BD0F0C19}.Debug|Any CPU.Build.0 = Debug|Any CPU
		{AAAF01D6-AF88-4F79-B569-AEA7BD0F0C19}.Release|Any CPU.ActiveCfg = Release|Any CPU
		{AAAF01D6-AF88-4F79-B569-AEA7BD0F0C19}.Release|Any CPU.Build.0 = Release|Any CPU
	EndGlobalSection
	GlobalSection(SolutionProperties) = preSolution
		HideSolutionNode = FALSE
	EndGlobalSection
	GlobalSection(ExtensibilityGlobals) = postSolution
		SolutionGuid = {9A49A550-04CE-4E21-BD84-9E96ABA72B30}
	EndGlobalSection
EndGlobal
